
Microsoft Visual Studio Solution File, Format Version 12.00
# Visual Studio Version 18
VisualStudioVersion = 18.9.12105.275
MinimumVisualStudioVersion = 10.0.40219.1
Project("{8BC9CEB8-8B4A-11D0-8D11-00A0C91BC942}") = "Nate", "Nate\Nate.vcxproj", "{AAAFCC75-E0FE-4729-A707-D54EF8D3B8A4}"
	ProjectSection(ProjectDependencies) = postProject
		{668543A2-CE69-4098-8D25-BAC059AE7BD8} = {668543A2-CE69-4098-8D25-BAC059AE7BD8}
		{FCD377E6-97C5-4D43-A398-1D6F1823D18B} = {FCD377E6-97C5-4D43-A398-1D6F1823D18B}
	EndProjectSection
EndProject
Project("{8BC9CEB8-8B4A-11D0-8D11-00A0C91BC942}") = "MathParser", "MathParser\MathParser.vcxproj", "{FCD377E6-97C5-4D43-A398-1D6F1823D18B}"
EndProject
Project("{8BC9CEB8-8B4A-11D0-8D11-00A0C91BC942}") = "utf8", "utf8\utf8.vcxproj", "{668543A2-CE69-4098-8D25-BAC059AE7BD8}"
EndProject
Project("{8BC9CEB8-8B4A-11D0-8D11-00A0C91BC942}") = "MathParser-Test", "MathParser-Test\MathParser-Test.vcxproj", "{A5A1D38E-3363-441B-BBCC-2112950F2BF0}"
	ProjectSection(ProjectDependencies) = postProject
		{668543A2-CE69-4098-8D25-BAC059AE7BD8} = {668543A2-CE69-4098-8D25-BAC059AE7BD8}
	EndProjectSection
EndProject
Project("{8BC9CEB8-8B4A-11D0-8D11-00A0C91BC942}") = "NateTest", "NateTest\NateTest.vcxproj", "{E9D0022E-92AF-4AFC-82C3-9570F98C3916}"
	ProjectSection(ProjectDependencies) = postProject
		{AAAFCC75-E0FE-4729-A707-D54EF8D3B8A4} = {AAAFCC75-E0FE-4729-A707-D54EF8D3B8A4}
		{668543A2-CE69-4098-8D25-BAC059AE7BD8} = {668543A2-CE69-4098-8D25-BAC059AE7BD8}
	EndProjectSection
EndProject
Project("{8BC9CEB8-8B4A-11D0-8D11-00A0C91BC942}") = "NateCompiler", "NateCompiler\NateCompiler.vcxproj", "{F5BF5F42-593A-4B75-84F8-FDA18F831F20}"
	ProjectSection(ProjectDependencies) = postProject
		{AAAFCC75-E0FE-4729-A707-D54EF8D3B8A4} = {AAAFCC75-E0FE-4729-A707-D54EF8D3B8A4}
		{668543A2-CE69-4098-8D25-BAC059AE7BD8} = {668543A2-CE69-4098-8D25-BAC059AE7BD8}
	EndProjectSection
EndProject
Project("{2150E333-8FDC-42A3-9474-1A3956D46DE8}") = "Solution Items", "Solution Items", "{E6A5BF18-3A72-4316-89DE-C9D1A98194A8}"
	ProjectSection(SolutionItems) = preProject
		.gitignore = .gitignore
		build\common.mk = build\common.mk
		hello.nd = hello.nd
		Hello.ns = Hello.ns
		Makefile = Makefile
		nate.ns = nate.ns
		nate2.ns = nate2.ns
		nate3.ns = nate3.ns
	EndProjectSection
EndProject
Global
	GlobalSection(SolutionConfigurationPlatforms) = preSolution
		Debug|x64 = Debug|x64
		Debug|x86 = Debug|x86
		Release|x64 = Release|x64
		Release|x86 = Release|x86
	EndGlobalSection
	GlobalSection(ProjectConfigurationPlatforms) = postSolution
		{AAAFCC75-E0FE-4729-A707-D54EF8D3B8A4}.Debug|x64.ActiveCfg = Debug|x64
		{AAAFCC75-E0FE-4729-A707-D54EF8D3B8A4}.Debug|x64.Build.0 = Debug|x64
		{AAAFCC75-E0FE-4729-A707-D54EF8D3B8A4}.Debug|x86.ActiveCfg = Debug|Win32
		{AAAFCC75-E0FE-4729-A707-D54EF8D3B8A4}.Debug|x86.Build.0 = Debug|Win32
		{AAAFCC75-E0FE-4729-A707-D54EF8D3B8A4}.Release|x64.ActiveCfg = Release|x64
		{AAAFCC75-E0FE-4729-A707-D54EF8D3B8A4}.Release|x64.Build.0 = Release|x64
		{AAAFCC75-E0FE-4729-A707-D54EF8D3B8A4}.Release|x86.ActiveCfg = Release|Win32
		{AAAFCC75-E0FE-4729-A707-D54EF8D3B8A4}.Release|x86.Build.0 = Release|Win32
		{FCD377E6-97C5-4D43-A398-1D6F1823D18B}.Debug|x64.ActiveCfg = Debug|x64
		{FCD377E6-97C5-4D43-A398-1D6F1823D18B}.Debug|x64.Build.0 = Debug|x64
		{FCD377E6-97C5-4D43-A398-1D6F1823D18B}.Debug|x86.ActiveCfg = Debug|Win32
		{FCD377E6-97C5-4D43-A398-1D6F1823D18B}.Debug|x86.Build.0 = Debug|Win32
		{FCD377E6-97C5-4D43-A398-1D6F1823D18B}.Release|x64.ActiveCfg = Release|x64
		{FCD377E6-97C5-4D43-A398-1D6F1823D18B}.Release|x64.Build.0 = Release|x64
		{FCD377E6-97C5-4D43-A398-1D6F1823D18B}.Release|x86.ActiveCfg = Release|Win32
		{FCD377E6-97C5-4D43-A398-1D6F1823D18B}.Release|x86.Build.0 = Release|Win32
		{668543A2-CE69-4098-8D25-BAC059AE7BD8}.Debug|x64.ActiveCfg = Debug|x64
		{668543A2-CE69-4098-8D25-BAC059AE7BD8}.Debug|x64.Build.0 = Debug|x64
		{668543A2-CE69-4098-8D25-BAC059AE7BD8}.Debug|x86.ActiveCfg = Debug|Win32
		{668543A2-CE69-4098-8D25-BAC059AE7BD8}.Debug|x86.Build.0 = Debug|Win32
		{668543A2-CE69-4098-8D25-BAC059AE7BD8}.Release|x64.ActiveCfg = Release|x64
		{668543A2-CE69-4098-8D25-BAC059AE7BD8}.Release|x64.Build.0 = Release|x64
		{668543A2-CE69-4098-8D25-BAC059AE7BD8}.Release|x86.ActiveCfg = Release|Win32
		{668543A2-CE69-4098-8D25-BAC059AE7BD8}.Release|x86.Build.0 = Release|Win32
		{A5A1D38E-3363-441B-BBCC-2112950F2BF0}.Debug|x64.ActiveCfg = Debug|x64
		{A5A1D38E-3363-441B-BBCC-2112950F2BF0}.Debug|x64.Build.0 = Debug|x64
		{A5A1D38E-3363-441B-BBCC-2112950F2BF0}.Debug|x86.ActiveCfg = Debug|Win32
		{A5A1D38E-3363-441B-BBCC-2112950F2BF0}.Debug|x86.Build.0 = Debug|Win32
		{A5A1D38E-3363-441B-BBCC-2112950F2BF0}.Release|x64.ActiveCfg = Release|x64
		{A5A1D38E-3363-441B-BBCC-2112950F2BF0}.Release|x64.Build.0 = Release|x64
		{A5A1D38E-3363-441B-BBCC-2112950F2BF0}.Release|x86.ActiveCfg = Release|Win32
		{A5A1D38E-3363-441B-BBCC-2112950F2BF0}.Release|x86.Build.0 = Release|Win32
		{E9D0022E-92AF-4AFC-82C3-9570F98C3916}.Debug|x64.ActiveCfg = Debug|x64
		{E9D0022E-92AF-4AFC-82C3-9570F98C3916}.Debug|x64.Build.0 = Debug|x64
		{E9D0022E-92AF-4AFC-82C3-9570F98C3916}.Debug|x86.ActiveCfg = Debug|Win32
		{E9D0022E-92AF-4AFC-82C3-9570F98C3916}.Debug|x86.Build.0 = Debug|Win32
		{E9D0022E-92AF-4AFC-82C3-9570F98C3916}.Release|x64.ActiveCfg = Release|x64
		{E9D0022E-92AF-4AFC-82C3-9570F98C3916}.Release|x64.Build.0 = Release|x64
		{E9D0022E-92AF-4AFC-82C3-9570F98C3916}.Release|x86.ActiveCfg = Release|Win32
		{E9D0022E-92AF-4AFC-82C3-9570F98C3916}.Release|x86.Build.0 = Release|Win32
		{F5BF5F42-593A-4B75-84F8-FDA18F831F20}.Debug|x64.ActiveCfg = Debug|x64
		{F5BF5F42-593A-4B75-84F8-FDA18F831F20}.Debug|x64.Build.0 = Debug|x64
		{F5BF5F42-593A-4B75-84F8-FDA18F831F20}.Debug|x86.ActiveCfg = Debug|Win32
		{F5BF5F42-593A-4B75-84F8-FDA18F831F20}.Debug|x86.Build.0 = Debug|Win32
		{F5BF5F42-593A-4B75-84F8-FDA18F831F20}.Release|x64.ActiveCfg = Release|x64
		{F5BF5F42-593A-4B75-84F8-FDA18F831F20}.Release|x64.Build.0 = Release|x64
		{F5BF5F42-593A-4B75-84F8-FDA18F831F20}.Release|x86.ActiveCfg = Release|Win32
		{F5BF5F42-593A-4B75-84F8-FDA18F831F20}.Release|x86.Build.0 = Release|Win32
	EndGlobalSection
	GlobalSection(SolutionProperties) = preSolution
		HideSolutionNode = FALSE
	EndGlobalSection
	GlobalSection(ExtensibilityGlobals) = postSolution
		SolutionGuid = {E863A57F-38B3-4B74-81F2-FB92ED38D4E9}
	EndGlobalSection
EndGlobal
