<?xml version="1.0" encoding="utf-8"?>
<Project ToolsVersion="4.0" xmlns="http://schemas.microsoft.com/developer/msbuild/2003">
  <ItemGroup>
    <Filter Include="Source Files">
      <UniqueIdentifier>{4FC737F1-C7A5-4376-A066-2A32D752A2FF}</UniqueIdentifier>
      <Extensions>cpp;c;cc;cxx;def;odl;idl;hpj;bat;asm;asmx</Extensions>
    </Filter>
    <Filter Include="Source Files\Output">
      <UniqueIdentifier>{270a00e2-501a-4f46-94c7-e1b7bb7a8463}</UniqueIdentifier>
    </Filter>
    <Filter Include="Source Files\Reflex">
      <UniqueIdentifier>{b2adabd1-5fb1-4e3d-8e61-3b42ef4902b0}</UniqueIdentifier>
    </Filter>
    <Filter Include="Source Files\Bison">
      <UniqueIdentifier>{3dc0e656-329a-4be7-854f-168354274d38}</UniqueIdentifier>
    </Filter>
    <Filter Include="Source Files\Input">
      <UniqueIdentifier>{c9e5f4e8-301d-4873-b29f-845687f14233}</UniqueIdentifier>
    </Filter>
    <Filter Include="Source Files\Structs">
      <UniqueIdentifier>{917a30cc-3955-4d05-9126-e1886b99085d}</UniqueIdentifier>
    </Filter>
    <Filter Include="Source Files\Core">
      <UniqueIdentifier>{b383cede-c771-4dd7-baff-5f9cb27c014c}</UniqueIdentifier>
    </Filter>
    <Filter Include="Source Files\Core\created">
      <UniqueIdentifier>{ed76b20c-983a-4450-9730-6b1ae382f8a6}</UniqueIdentifier>
    </Filter>
    <Filter Include="Source Files\Structs\Stats">
      <UniqueIdentifier>{9c02cdbd-66bf-4536-ae2c-cacc9e87b1b8}</UniqueIdentifier>
    </Filter>
  </ItemGroup>
  <ItemGroup>
    <ClCompile Include="lex.yy.cpp">
      <Filter>Source Files\Output</Filter>
    </ClCompile>
    <ClCompile Include="c:\Users\Ruud\Reflex\lib\matcher.cpp">
      <Filter>Source Files\Reflex</Filter>
    </ClCompile>
    <ClCompile Include="c:\Users\Ruud\Reflex\unicode\block_scripts.cpp">
      <Filter>Source Files\Reflex</Filter>
    </ClCompile>
    <ClCompile Include="c:\Users\Ruud\Reflex\lib\convert.cpp">
      <Filter>Source Files\Reflex</Filter>
    </ClCompile>
    <ClCompile Include="c:\Users\Ruud\Reflex\lib\debug.cpp">
      <Filter>Source Files\Reflex</Filter>
    </ClCompile>
    <ClCompile Include="c:\Users\Ruud\Reflex\lib\error.cpp">
      <Filter>Source Files\Reflex</Filter>
    </ClCompile>
    <ClCompile Include="c:\Users\Ruud\Reflex\lib\input.cpp">
      <Filter>Source Files\Reflex</Filter>
    </ClCompile>
    <ClCompile Include="c:\Users\Ruud\Reflex\unicode\language_scripts.cpp">
      <Filter>Source Files\Reflex</Filter>
    </ClCompile>
    <ClCompile Include="c:\Users\Ruud\Reflex\unicode\letter_scripts.cpp">
      <Filter>Source Files\Reflex</Filter>
    </ClCompile>
    <ClCompile Include="c:\Users\Ruud\Reflex\lib\pattern.cpp">
      <Filter>Source Files\Reflex</Filter>
    </ClCompile>
    <ClCompile Include="c:\Users\Ruud\Reflex\lib\posix.cpp">
      <Filter>Source Files\Reflex</Filter>
    </ClCompile>
    <ClCompile Include="c:\Users\Ruud\Reflex\lib\unicode.cpp">
      <Filter>Source Files\Reflex</Filter>
    </ClCompile>
    <ClCompile Include="c:\Users\Ruud\Reflex\lib\utf8.cpp">
      <Filter>Source Files\Reflex</Filter>
    </ClCompile>
    <ClCompile Include="parser.cpp">
      <Filter>Source Files\Output</Filter>
    </ClCompile>
    <ClCompile Include="NateParser.cpp">
      <Filter>Source Files</Filter>
    </ClCompile>
    <ClCompile Include="Expr.cpp">
      <Filter>Source Files\Structs</Filter>
    </ClCompile>
    <ClCompile Include="Identifier.cpp">
      <Filter>Source Files\Structs</Filter>
    </ClCompile>
    <ClCompile Include="NateFunctions.cpp">
      <Filter>Source Files\Structs</Filter>
    </ClCompile>
    <ClCompile Include="Scope.cpp">
      <Filter>Source Files\Structs</Filter>
    </ClCompile>
    <ClCompile Include="Type.cpp">
      <Filter>Source Files\Structs</Filter>
    </ClCompile>
    <ClCompile Include="Code.cpp">
      <Filter>Source Files\Structs</Filter>
    </ClCompile>
    <ClCompile Include="WithFlags.cpp">
      <Filter>Source Files\Structs</Filter>
    </ClCompile>
    <ClCompile Include="Arg.cpp">
      <Filter>Source Files\Structs</Filter>
    </ClCompile>
    <ClCompile Include="Define.cpp">
      <Filter>Source Files\Structs</Filter>
    </ClCompile>
    <ClCompile Include="Method.cpp">
      <Filter>Source Files\Structs</Filter>
    </ClCompile>
    <ClCompile Include="core\Core.cpp">
      <Filter>Source Files\Core</Filter>
    </ClCompile>
    <ClCompile Include="Record.cpp">
      <Filter>Source Files\Structs</Filter>
    </ClCompile>
    <ClCompile Include="Container.cpp">
      <Filter>Source Files\Structs</Filter>
    </ClCompile>
    <ClCompile Include="Object.cpp">
      <Filter>Source Files\Structs</Filter>
    </ClCompile>
    <ClCompile Include="input\created\Hello.cpp">
      <Filter>Source Files\Input</Filter>
    </ClCompile>
    <ClCompile Include="core\Rational.cpp">
      <Filter>Source Files\Core</Filter>
    </ClCompile>
    <ClCompile Include="NateParserMath.cpp">
      <Filter>Source Files</Filter>
    </ClCompile>
    <ClCompile Include="NateCode.cpp">
      <Filter>Source Files</Filter>
    </ClCompile>
    <ClCompile Include="core\created\BaseObject.cpp">
      <Filter>Source Files\Core\created</Filter>
    </ClCompile>
    <ClCompile Include="core\created\File-Input.cpp">
      <Filter>Source Files\Core\created</Filter>
    </ClCompile>
    <ClCompile Include="core\created\Input.cpp">
      <Filter>Source Files\Core\created</Filter>
    </ClCompile>
    <ClCompile Include="Stats\Stat.cpp">
      <Filter>Source Files\Structs\Stats</Filter>
    </ClCompile>
    <ClCompile Include="Stats\StatProgram.cpp">
      <Filter>Source Files\Structs\Stats</Filter>
    </ClCompile>
    <ClCompile Include="Stats\StatExpr.cpp">
      <Filter>Source Files\Structs\Stats</Filter>
    </ClCompile>
    <ClCompile Include="Stats\StatAssign.cpp">
      <Filter>Source Files\Structs\Stats</Filter>
    </ClCompile>
    <ClCompile Include="Stats\StatDeclareLocal.cpp">
      <Filter>Source Files\Structs\Stats</Filter>
    </ClCompile>
    <ClCompile Include="Location.cpp">
      <Filter>Source Files\Structs</Filter>
    </ClCompile>
    <ClCompile Include="Stats\StatOutput.cpp">
      <Filter>Source Files\Structs\Stats</Filter>
    </ClCompile>
    <ClCompile Include="Stats\StatIfThen.cpp">
      <Filter>Source Files\Structs\Stats</Filter>
    </ClCompile>
    <ClCompile Include="Stats\StatLoop.cpp">
      <Filter>Source Files\Structs\Stats</Filter>
    </ClCompile>
    <ClCompile Include="Stats\StatIfIs.cpp">
      <Filter>Source Files\Structs\Stats</Filter>
    </ClCompile>
    <ClCompile Include="Stats\StatWithExpr.cpp">
      <Filter>Source Files\Structs\Stats</Filter>
    </ClCompile>
    <ClCompile Include="Stats\StatWrite.cpp">
      <Filter>Source Files\Structs\Stats</Filter>
    </ClCompile>
    <ClCompile Include="Stats\StatCode.cpp">
      <Filter>Source Files\Structs\Stats</Filter>
    </ClCompile>
    <ClCompile Include="Stats\StatData.cpp">
      <Filter>Source Files\Structs\Stats</Filter>
    </ClCompile>
    <ClCompile Include="Stats\StatError.cpp">
      <Filter>Source Files\Structs\Stats</Filter>
    </ClCompile>
    <ClCompile Include="Stats\StatRead.cpp">
      <Filter>Source Files\Structs\Stats</Filter>
    </ClCompile>
    <ClCompile Include="Stats\StatInput.cpp">
      <Filter>Source Files\Structs\Stats</Filter>
    </ClCompile>
    <ClCompile Include="Stats\StatDefine.cpp">
      <Filter>Source Files\Structs\Stats</Filter>
    </ClCompile>
    <ClCompile Include="Stats\StatRecord.cpp">
      <Filter>Source Files\Structs\Stats</Filter>
    </ClCompile>
    <ClCompile Include="Stats\StatReturn.cpp">
      <Filter>Source Files\Structs\Stats</Filter>
    </ClCompile>
    <ClCompile Include="Stats\StatObject.cpp">
      <Filter>Source Files\Structs\Stats</Filter>
    </ClCompile>
    <ClCompile Include="Stats\StatProperty.cpp">
      <Filter>Source Files\Structs\Stats</Filter>
    </ClCompile>
    <ClCompile Include="Property.cpp">
      <Filter>Source Files\Structs</Filter>
    </ClCompile>
    <ClCompile Include="Stats\StatScope.cpp">
      <Filter>Source Files\Structs\Stats</Filter>
    </ClCompile>
  </ItemGroup>
  <ItemGroup>
    <None Include="core\core.ns">
      <Filter>Source Files\Core</Filter>
    </None>
    <None Include="core\Math.ns">
      <Filter>Source Files\Core</Filter>
    </None>
    <None Include="core\Text.ns">
      <Filter>Source Files\Core</Filter>
    </None>
    <None Include="core\List.ns">
      <Filter>Source Files\Core</Filter>
    </None>
    <None Include="core\Container.ns">
      <Filter>Source Files\Core</Filter>
    </None>
    <None Include="core\SequenceContainer.ns">
      <Filter>Source Files\Core</Filter>
    </None>
    <None Include="core\Complex.ns">
      <Filter>Source Files\Core</Filter>
    </None>
    <None Include="core\Output.ns">
      <Filter>Source Files\Core</Filter>
    </None>
    <None Include="core\File-Output.ns">
      <Filter>Source Files\Core</Filter>
    </None>
    <None Include="input\nate.define">
      <Filter>Source Files\Input</Filter>
    </None>
    <None Include="input\nate.import">
      <Filter>Source Files\Input</Filter>
    </None>
    <None Include="core\BaseObject.nd">
      <Filter>Source Files\Core</Filter>
    </None>
    <None Include="core\Rational.ns">
      <Filter>Source Files\Core</Filter>
    </None>
    <None Include="core\File-Input.ns">
      <Filter>Source Files\Core</Filter>
    </None>
    <None Include="core\Data-Input.ns">
      <Filter>Source Files\Core</Filter>
    </None>
    <None Include="input\nateSong.in">
      <Filter>Source Files\Input</Filter>
    </None>
    <None Include="core\Random.ns">
      <Filter>Source Files\Core</Filter>
    </None>
    <None Include="core\File.nd">
      <Filter>Source Files\Core</Filter>
    </None>
    <None Include="core\IFile.nd">
      <Filter>Source Files\Core</Filter>
    </None>
    <None Include="core\File-Input.nd">
      <Filter>Source Files\Core</Filter>
    </None>
    <None Include="core\Stream-Input.nd">
      <Filter>Source Files\Core</Filter>
    </None>
    <None Include="core\BaseObject.ns">
      <Filter>Source Files\Core</Filter>
    </None>
    <None Include="core\RandomContainer.ns">
      <Filter>Source Files\Core</Filter>
    </None>
    <None Include="core\Test.ns">
      <Filter>Source Files\Core</Filter>
    </None>
    <None Include="Makefile" />
  </ItemGroup>
  <ItemGroup>
    <ClInclude Include="lex.yy.h">
      <Filter>Source Files\Output</Filter>
    </ClInclude>
    <ClInclude Include="NateParser.tab.h">
      <Filter>Source Files\Output</Filter>
    </ClInclude>
    <ClInclude Include="location.hpp">
      <Filter>Source Files\Output</Filter>
    </ClInclude>
    <ClInclude Include="NateParser.h">
      <Filter>Source Files</Filter>
    </ClInclude>
    <ClInclude Include="Expr.h">
      <Filter>Source Files\Structs</Filter>
    </ClInclude>
    <ClInclude Include="Identifier.h">
      <Filter>Source Files\Structs</Filter>
    </ClInclude>
    <ClInclude Include="NateFunctions.h">
      <Filter>Source Files\Structs</Filter>
    </ClInclude>
    <ClInclude Include="Scope.h">
      <Filter>Source Files\Structs</Filter>
    </ClInclude>
    <ClInclude Include="Type.h">
      <Filter>Source Files\Structs</Filter>
    </ClInclude>
    <ClInclude Include="Code.h">
      <Filter>Source Files\Structs</Filter>
    </ClInclude>
    <ClInclude Include="WithFlags.h">
      <Filter>Source Files\Structs</Filter>
    </ClInclude>
    <ClInclude Include="Arg.h">
      <Filter>Source Files\Structs</Filter>
    </ClInclude>
    <ClInclude Include="Define.h">
      <Filter>Source Files\Structs</Filter>
    </ClInclude>
    <ClInclude Include="Method.h">
      <Filter>Source Files\Structs</Filter>
    </ClInclude>
    <ClInclude Include="core\Core.h">
      <Filter>Source Files\Core</Filter>
    </ClInclude>
    <ClInclude Include="Record.h">
      <Filter>Source Files\Structs</Filter>
    </ClInclude>
    <ClInclude Include="Container.h">
      <Filter>Source Files\Structs</Filter>
    </ClInclude>
    <ClInclude Include="core\UpperLower.h">
      <Filter>Source Files\Core</Filter>
    </ClInclude>
    <ClInclude Include="core\View.h">
      <Filter>Source Files\Core</Filter>
    </ClInclude>
    <ClInclude Include="core\Complex.h">
      <Filter>Source Files\Core</Filter>
    </ClInclude>
    <ClInclude Include="Object.h">
      <Filter>Source Files\Structs</Filter>
    </ClInclude>
    <ClInclude Include="input\created\Hello.h">
      <Filter>Source Files\Input</Filter>
    </ClInclude>
    <ClInclude Include="core\Rational.h">
      <Filter>Source Files\Core</Filter>
    </ClInclude>
    <ClInclude Include="NateParserMath.h">
      <Filter>Source Files</Filter>
    </ClInclude>
    <ClInclude Include="NateData.h">
      <Filter>Source Files</Filter>
    </ClInclude>
    <ClInclude Include="core\created\BaseObject.h">
      <Filter>Source Files\Core\created</Filter>
    </ClInclude>
    <ClInclude Include="core\created\File-Input.h">
      <Filter>Source Files\Core\created</Filter>
    </ClInclude>
    <ClInclude Include="core\created\Input.h">
      <Filter>Source Files\Core\created</Filter>
    </ClInclude>
    <ClInclude Include="Stats\location.hpp">
      <Filter>Source Files\Structs</Filter>
    </ClInclude>
    <ClInclude Include="Stats\Stat.h">
      <Filter>Source Files\Structs\Stats</Filter>
    </ClInclude>
    <ClInclude Include="Stats\StatProgram.h">
      <Filter>Source Files\Structs\Stats</Filter>
    </ClInclude>
    <ClInclude Include="Stats\ICodeVisitor.h">
      <Filter>Source Files\Structs\Stats</Filter>
    </ClInclude>
    <ClInclude Include="Stats\StatExpr.h">
      <Filter>Source Files\Structs\Stats</Filter>
    </ClInclude>
    <ClInclude Include="Stats\StatAssign.h">
      <Filter>Source Files\Structs\Stats</Filter>
    </ClInclude>
    <ClInclude Include="Stats\StatDeclareLocal.h">
      <Filter>Source Files\Structs\Stats</Filter>
    </ClInclude>
    <ClInclude Include="Location.h">
      <Filter>Source Files\Structs</Filter>
    </ClInclude>
    <ClInclude Include="Stats\StatOutput.h">
      <Filter>Source Files\Structs\Stats</Filter>
    </ClInclude>
    <ClInclude Include="NateCode.h">
      <Filter>Source Files</Filter>
    </ClInclude>
    <ClInclude Include="Stats\StatIfThen.h">
      <Filter>Source Files\Structs\Stats</Filter>
    </ClInclude>
    <ClInclude Include="Stats\StatLoop.h">
      <Filter>Source Files\Structs\Stats</Filter>
    </ClInclude>
    <ClInclude Include="Stats\StatIfIs.h">
      <Filter>Source Files\Structs\Stats</Filter>
    </ClInclude>
    <ClInclude Include="Stats\StatWithExpr.h">
      <Filter>Source Files\Structs\Stats</Filter>
    </ClInclude>
    <ClInclude Include="Stats\StatWrite.h">
      <Filter>Source Files\Structs\Stats</Filter>
    </ClInclude>
    <ClInclude Include="Stats\StatCode.h">
      <Filter>Source Files\Structs\Stats</Filter>
    </ClInclude>
    <ClInclude Include="Stats\StatData.h">
      <Filter>Source Files\Structs\Stats</Filter>
    </ClInclude>
    <ClInclude Include="Stats\StatError.h">
      <Filter>Source Files\Structs\Stats</Filter>
    </ClInclude>
    <ClInclude Include="Stats\StatRead.h">
      <Filter>Source Files\Structs\Stats</Filter>
    </ClInclude>
    <ClInclude Include="Stats\StatInput.h">
      <Filter>Source Files\Structs\Stats</Filter>
    </ClInclude>
    <ClInclude Include="Stats\StatDefine.h">
      <Filter>Source Files\Structs\Stats</Filter>
    </ClInclude>
    <ClInclude Include="Stats\StatRecord.h">
      <Filter>Source Files\Structs\Stats</Filter>
    </ClInclude>
    <ClInclude Include="Stats\StatReturn.h">
      <Filter>Source Files\Structs\Stats</Filter>
    </ClInclude>
    <ClInclude Include="Stats\StatObject.h">
      <Filter>Source Files\Structs\Stats</Filter>
    </ClInclude>
    <ClInclude Include="Stats\StatProperty.h">
      <Filter>Source Files\Structs\Stats</Filter>
    </ClInclude>
    <ClInclude Include="Property.h">
      <Filter>Source Files\Structs</Filter>
    </ClInclude>
    <ClInclude Include="Stats\StatScope.h">
      <Filter>Source Files\Structs\Stats</Filter>
    </ClInclude>
    <ClInclude Include="core\main.h">
      <Filter>Source Files\Core</Filter>
    </ClInclude>
  </ItemGroup>
  <ItemGroup>
    <CustomBuild Include="NateLexer.l" />
    <CustomBuild Include="NateParser.y" />
  </ItemGroup>
</Project>